
Microsoft Visual Studio Solution File, Format Version 12.00
# Visual Studio 14
VisualStudioVersion = 14.0.25420.1
MinimumVisualStudioVersion = 10.0.40219.1
Project("{2150E333-8FDC-42A3-9474-1A3956D46DE8}") = "src", "src", "{CDF89AFE-FCC9-4802-AF07-598D279D0622}"
EndProject
Project("{2150E333-8FDC-42A3-9474-1A3956D46DE8}") = "Solution Items", "Solution Items", "{5B501BF6-B08A-4420-96C3-3C2B219296F6}"
	ProjectSection(SolutionItems) = preProject
		global.json = global.json
	EndProjectSection
EndProject
Project("{8BB2217D-0F2D-49D1-97BC-3654ED321F3B}") = "eSims", "src\eSims\eSims.xproj", "{C7B61C73-52D4-4AF5-A701-C3D2BB9A5C34}"
EndProject
Project("{8BB2217D-0F2D-49D1-97BC-3654ED321F3B}") = "eSims.Data", "src\eSims.Data\eSims.Data.xproj", "{6B799F1D-27B7-4C58-8ABA-EAAC8947429F}"
EndProject
Global
	GlobalSection(SolutionConfigurationPlatforms) = preSolution
		Debug|Any CPU = Debug|Any CPU
		Release|Any CPU = Release|Any CPU
	EndGlobalSection
	GlobalSection(ProjectConfigurationPlatforms) = postSolution
		{C7B61C73-52D4-4AF5-A701-C3D2BB9A5C34}.Debug|Any CPU.ActiveCfg = Debug|Any CPU
		{C7B61C73-52D4-4AF5-A701-C3D2BB9A5C34}.Debug|Any CPU.Build.0 = Debug|Any CPU
		{C7B61C73-52D4-4AF5-A701-C3D2BB9A5C34}.Release|Any CPU.ActiveCfg = Release|Any CPU
		{C7B61C73-52D4-4AF5-A701-C3D2BB9A5C34}.Release|Any CPU.Build.0 = Release|Any CPU
		{6B799F1D-27B7-4C58-8ABA-EAAC8947429F}.Debug|Any CPU.ActiveCfg = Debug|Any CPU
		{6B799F1D-27B7-4C58-8ABA-EAAC8947429F}.Debug|Any CPU.Build.0 = Debug|Any CPU
		{6B799F1D-27B7-4C58-8ABA-EAAC8947429F}.Release|Any CPU.ActiveCfg = Release|Any CPU
		{6B799F1D-27B7-4C58-8ABA-EAAC8947429F}.Release|Any CPU.Build.0 = Release|Any CPU
	EndGlobalSection
	GlobalSection(SolutionProperties) = preSolution
		HideSolutionNode = FALSE
	EndGlobalSection
	GlobalSection(NestedProjects) = preSolution
		{C7B61C73-52D4-4AF5-A701-C3D2BB9A5C34} = {CDF89AFE-FCC9-4802-AF07-598D279D0622}
		{6B799F1D-27B7-4C58-8ABA-EAAC8947429F} = {CDF89AFE-FCC9-4802-AF07-598D279D0622}
	EndGlobalSection
EndGlobal
